{
  "name": "react-simplemde-editor",
  "version": "4.0.0",
  "lockfileVersion": 1,
  "requires": true,
  "dependencies": {
    "codemirror": {
      "version": "5.45.0",
      "resolved": "https://registry.npmjs.org/codemirror/-/codemirror-5.45.0.tgz",
      "integrity": "sha512-c19j644usCE8gQaXa0jqn2B/HN9MnB2u6qPIrrhrMkB+QAP42y8G4QnTwuwbVSoUS1jEl7JU9HZMGhCDL0nsAw=="
    },
    "codemirror-spell-checker": {
      "version": "1.1.2",
      "resolved": "https://registry.npmjs.org/codemirror-spell-checker/-/codemirror-spell-checker-1.1.2.tgz",
      "integrity": "sha1-HGYPkIlIPMtRE7m6nKGcP0mTNx4=",
      "requires": {
        "typo-js": "*"
      }
    },
    "easymde": {
      "version": "2.6.0",
      "resolved": "https://registry.npmjs.org/easymde/-/easymde-2.6.0.tgz",
      "integrity": "sha512-WhSvcAqBFfSGeSkanib2+WN7K9Ri+AS1vGXUyDs/tTaaKjVNwiuWjlKiRkV4AJjC45QPjT1GfZmIrQEgs9dlTA==",
      "requires": {
        "codemirror": "^5.43.0",
        "codemirror-spell-checker": "1.1.2",
        "marked": "^0.6.2"
      }
    },
    "marked": {
      "version": "0.6.2",
      "resolved": "https://registry.npmjs.org/marked/-/marked-0.6.2.tgz",
      "integrity": "sha512-LqxwVH3P/rqKX4EKGz7+c2G9r98WeM/SW34ybhgNGhUQNKtf1GmmSkJ6cDGJ/t6tiyae49qRkpyTw2B9HOrgUA=="
    },
    "typo-js": {
      "version": "1.0.3",
      "resolved": "https://registry.npmjs.org/typo-js/-/typo-js-1.0.3.tgz",
      "integrity": "sha1-VNjrx5SfGngQkItgAsaEFSbJnVo="
    }
  }
}
